// !$*UTF8*$!
{
	archiveVersion = 1;
	classes = {
	};
	objectVersion = 46;
	objects = {

/* Begin PBXBuildFile section */
		BF6FACAC1E8594FE00D6BAEF /* AppDelegate.swift in Sources */ = {isa = PBXBuildFile; fileRef = BF6FACAB1E8594FE00D6BAEF /* AppDelegate.swift */; };
		BF6FACAE1E8594FE00D6BAEF /* ViewController.swift in Sources */ = {isa = PBXBuildFile; fileRef = BF6FACAD1E8594FE00D6BAEF /* ViewController.swift */; };
		BF6FACB11E8594FE00D6BAEF /* Main.storyboard in Resources */ = {isa = PBXBuildFile; fileRef = BF6FACAF1E8594FE00D6BAEF /* Main.storyboard */; };
		BF6FACB31E8594FE00D6BAEF /* Assets.xcassets in Resources */ = {isa = PBXBuildFile; fileRef = BF6FACB21E8594FE00D6BAEF /* Assets.xcassets */; };
		BF6FACB61E8594FE00D6BAEF /* LaunchScreen.storyboard in Resources */ = {isa = PBXBuildFile; fileRef = BF6FACB41E8594FE00D6BAEF /* LaunchScreen.storyboard */; };
/* End PBXBuildFile section */

/* Begin PBXFileReference section */
		BF6FACA81E8594FE00D6BAEF /* daredevil_register.app */ = {isa = PBXFileReference; explicitFileType = wrapper.application; includeInIndex = 0; path = daredevil_register.app; sourceTree = BUILT_PRODUCTS_DIR; };
		BF6FACAB1E8594FE00D6BAEF /* AppDelegate.swift */ = {isa = PBXFileReference; lastKnownFileType = sourcecode.swift; path = AppDelegate.swift; sourceTree = "<group>"; };
		BF6FACAD1E8594FE00D6BAEF /* ViewController.swift */ = {isa = PBXFileReference; lastKnownFileType = sourcecode.swift; path = ViewController.swift; sourceTree = "<group>"; };
		BF6FACB01E8594FE00D6BAEF /* Base */ = {isa = PBXFileReference; lastKnownFileType = file.storyboard; name = Base; path = Base.lproj/Main.storyboard; sourceTree = "<group>"; };
		BF6FACB21E8594FE00D6BAEF /* Assets.xcassets */ = {isa = PBXFileReference; lastKnownFileType = folder.assetcatalog; path = Assets.xcassets; sourceTree = "<group>"; };
		BF6FACB51E8594FE00D6BAEF /* Base */ = {isa = PBXFileReference; lastKnownFileType = file.storyboard; name = Base; path = Base.lproj/LaunchScreen.storyboard; sourceTree = "<group>"; };
		BF6FACB71E8594FE00D6BAEF /* Info.plist */ = {isa = PBXFileReference; lastKnownFileType = text.plist.xml; path = Info.plist; sourceTree = "<group>"; };
/* End PBXFileReference section */

/* Begin PBXFrameworksBuildPhase section */
		BF6FACA51E8594FE00D6BAEF /* Frameworks */ = {
			isa = PBXFrameworksBuildPhase;
			buildActionMask = 2147483647;
			files = (
			);
			runOnlyForDeploymentPostprocessing = 0;
		};
/* End PBXFrameworksBuildPhase section */

/* Begin PBXGroup section */
		BF6FAC9F1E8594FE00D6BAEF = {
			isa = PBXGroup;
			children = (
				BF6FACAA1E8594FE00D6BAEF /* daredevil_register */,
				BF6FACA91E8594FE00D6BAEF /* Products */,
			);
			sourceTree = "<group>";
		};
		BF6FACA91E8594FE00D6BAEF /* Products */ = {
			isa = PBXGroup;
			children = (
				BF6FACA81E8594FE00D6BAEF /* daredevil_register.app */,
			);
			name = Products;
			sourceTree = "<group>";
		};
		BF6FACAA1E8594FE00D6BAEF /* daredevil_register */ = {
			isa = PBXGroup;
			children = (
				BF6FACAB1E8594FE00D6BAEF /* AppDelegate.swift */,
				BF6FACAD1E8594FE00D6BAEF /* ViewController.swift */,
				BF6FACAF1E8594FE00D6BAEF /* Main.storyboard */,
				BF6FACB21E8594FE00D6BAEF /* Assets.xcassets */,
				BF6FACB41E8594FE00D6BAEF /* LaunchScreen.storyboard */,
				BF6FACB71E8594FE00D6BAEF /* Info.plist */,
			);
			path = daredevil_register;
			sourceTree = "<group>";
		};
/* End PBXGroup section */

/* Begin PBXNativeTarget section */
		BF6FACA71E8594FE00D6BAEF /* daredevil_register */ = {
			isa = PBXNativeTarget;
			buildConfigurationList = BF6FACBA1E8594FE00D6BAEF /* Build configuration list for PBXNativeTarget "daredevil_register" */;
			buildPhases = (
				BF6FACA41E8594FE00D6BAEF /* Sources */,
				BF6FACA51E8594FE00D6BAEF /* Frameworks */,
				BF6FACA61E8594FE00D6BAEF /* Resources */,
			);
			buildRules = (
			);
			dependencies = (
			);
			name = daredevil_register;
			productName = daredevil_register;
			productReference = BF6FACA81E8594FE00D6BAEF /* daredevil_register.app */;
			productType = "com.apple.product-type.application";
		};
/* End PBXNativeTarget section */

/* Begin PBXProject section */
		BF6FACA01E8594FE00D6BAEF /* Project object */ = {
			isa = PBXProject;
			attributes = {
				LastSwiftUpdateCheck = 0820;
				LastUpgradeCheck = 0820;
				ORGANIZATIONNAME = "Sylvia Wan";
				TargetAttributes = {
					BF6FACA71E8594FE00D6BAEF = {
						CreatedOnToolsVersion = 8.2.1;
						ProvisioningStyle = Automatic;
					};
				};
			};
			buildConfigurationList = BF6FACA31E8594FE00D6BAEF /* Build configuration list for PBXProject "daredevil_register" */;
			compatibilityVersion = "Xcode 3.2";
			developmentRegion = English;
			hasScannedForEncodings = 0;
			knownRegions = (
				en,
				Base,
			);
			mainGroup = BF6FAC9F1E8594FE00D6BAEF;
			productRefGroup = BF6FACA91E8594FE00D6BAEF /* Products */;
			projectDirPath = "";
			projectRoot = "";
			targets = (
				BF6FACA71E8594FE00D6BAEF /* daredevil_register */,
			);
		};
/* End PBXProject section */

/* Begin PBXResourcesBuildPhase section */
		BF6FACA61E8594FE00D6BAEF /* Resources */ = {
			isa = PBXResourcesBuildPhase;
			buildActionMask = 2147483647;
			files = (
				BF6FACB61E8594FE00D6BAEF /* LaunchScreen.storyboard in Resources */,
				BF6FACB31E8594FE00D6BAEF /* Assets.xcassets in Resources */,
				BF6FACB11E8594FE00D6BAEF /* Main.storyboard in Resources */,
			);
			runOnlyForDeploymentPostprocessing = 0;
		};
/* End PBXResourcesBuildPhase section */

/* Begin PBXSourcesBuildPhase section */
		BF6FACA41E8594FE00D6BAEF /* Sources */ = {
			isa = PBXSourcesBuildPhase;
			buildActionMask = 2147483647;
			files = (
				BF6FACAE1E8594FE00D6BAEF /* ViewController.swift in Sources */,
				BF6FACAC1E8594FE00D6BAEF /* AppDelegate.swift in Sources */,
			);
			runOnlyForDeploymentPostprocessing = 0;
		};
/* End PBXSourcesBuildPhase section */

/* Begin PBXVariantGroup section */
		BF6FACAF1E8594FE00D6BAEF /* Main.storyboard */ = {
			isa = PBXVariantGroup;
			children = (
				BF6FACB01E8594FE00D6BAEF /* Base */,
			);
			name = Main.storyboard;
			sourceTree = "<group>";
		};
		BF6FACB41E8594FE00D6BAEF /* LaunchScreen.storyboard */ = {
			isa = PBXVariantGroup;
			children = (
				BF6FACB51E8594FE00D6BAEF /* Base */,
			);
			name = LaunchScreen.storyboard;
			sourceTree = "<group>";
		};
/* End PBXVariantGroup section */

/* Begin XCBuildConfiguration section */
		BF6FACB81E8594FE00D6BAEF /* Debug */ = {
			isa = XCBuildConfiguration;
			buildSettings = {
				ALWAYS_SEARCH_USER_PATHS = NO;
				CLANG_ANALYZER_NONNULL = YES;
				CLANG_CXX_LANGUAGE_STANDARD = "gnu++0x";
				CLANG_CXX_LIBRARY = "libc++";
				CLANG_ENABLE_MODULES = YES;
				CLANG_ENABLE_OBJC_ARC = YES;
				CLANG_WARN_BOOL_CONVERSION = YES;
				CLANG_WARN_CONSTANT_CONVERSION = YES;
				CLANG_WARN_DIRECT_OBJC_ISA_USAGE = YES_ERROR;
				CLANG_WARN_DOCUMENTATION_COMMENTS = YES;
				CLANG_WARN_EMPTY_BODY = YES;
				CLANG_WARN_ENUM_CONVERSION = YES;
				CLANG_WARN_INFINITE_RECURSION = YES;
				CLANG_WARN_INT_CONVERSION = YES;
				CLANG_WARN_OBJC_ROOT_CLASS = YES_ERROR;
				CLANG_WARN_SUSPICIOUS_MOVE = YES;
				CLANG_WARN_UNREACHABLE_CODE = YES;
				CLANG_WARN__DUPLICATE_METHOD_MATCH = YES;
				"CODE_SIGN_IDENTITY[sdk=iphoneos*]" = "iPhone Developer";
				COPY_PHASE_STRIP = NO;
				DEBUG_INFORMATION_FORMAT = dwarf;
				ENABLE_STRICT_OBJC_MSGSEND = YES;
				ENABLE_TESTABILITY = YES;
				GCC_C_LANGUAGE_STANDARD = gnu99;
				GCC_DYNAMIC_NO_PIC = NO;
				GCC_NO_COMMON_BLOCKS = YES;
				GCC_OPTIMIZATION_LEVEL = 0;
				GCC_PREPROCESSOR_DEFINITIONS = (
					"DEBUG=1",
					"$(inherited)",
				);
				GCC_WARN_64_TO_32_BIT_CONVERSION = YES;
				GCC_WARN_ABOUT_RETURN_TYPE = YES_ERROR;
				GCC_WARN_UNDECLARED_SELECTOR = YES;
				GCC_WARN_UNINITIALIZED_AUTOS = YES_AGGRESSIVE;
				GCC_WARN_UNUSED_FUNCTION = YES;
				GCC_WARN_UNUSED_VARIABLE = YES;
				IPHONEOS_DEPLOYMENT_TARGET = 10.2;
				MTL_ENABLE_DEBUG_INFO = YES;
				ONLY_ACTIVE_ARCH = YES;
				SDKROOT = iphoneos;
				SWIFT_ACTIVE_COMPILATION_CONDITIONS = DEBUG;
				SWIFT_OPTIMIZATION_LEVEL = "-Onone";
				TARGETED_DEVICE_FAMILY = "1,2";
			};
			name = Debug;
		};
		BF6FACB91E8594FE00D6BAEF /* Release */ = {
			isa = XCBuildConfiguration;
			buildSettings = {
				ALWAYS_SEARCH_USER_PATHS = NO;
				CLANG_ANALYZER_NONNULL = YES;
				CLANG_CXX_LANGUAGE_STANDARD = "gnu++0x";
				CLANG_CXX_LIBRARY = "libc++";
				CLANG_ENABLE_MODULES = YES;
				CLANG_ENABLE_OBJC_ARC = YES;
				CLANG_WARN_BOOL_CONVERSION = YES;
				CLANG_WARN_CONSTANT_CONVERSION = YES;
				CLANG_WARN_DIRECT_OBJC_ISA_USAGE = YES_ERROR;
				CLANG_WARN_DOCUMENTATION_COMMENTS = YES;
				CLANG_WARN_EMPTY_BODY = YES;
				CLANG_WARN_ENUM_CONVERSION = YES;
				CLANG_WARN_INFINITE_RECURSION = YES;
				CLANG_WARN_INT_CONVERSION = YES;
				CLANG_WARN_OBJC_ROOT_CLASS = YES_ERROR;
				CLANG_WARN_SUSPICIOUS_MOVE = YES;
				CLANG_WARN_UNREACHABLE_CODE = YES;
				CLANG_WARN__DUPLICATE_METHOD_MATCH = YES;
				"CODE_SIGN_IDENTITY[sdk=iphoneos*]" = "iPhone Developer";
				COPY_PHASE_STRIP = NO;
				DEBUG_INFORMATION_FORMAT = "dwarf-with-dsym";
				ENABLE_NS_ASSERTIONS = NO;
				ENABLE_STRICT_OBJC_MSGSEND = YES;
				GCC_C_LANGUAGE_STANDARD = gnu99;
				GCC_NO_COMMON_BLOCKS = YES;
				GCC_WARN_64_TO_32_BIT_CONVERSION = YES;
				GCC_WARN_ABOUT_RETURN_TYPE = YES_ERROR;
				GCC_WARN_UNDECLARED_SELECTOR = YES;
				GCC_WARN_UNINITIALIZED_AUTOS = YES_AGGRESSIVE;
				GCC_WARN_UNUSED_FUNCTION = YES;
				GCC_WARN_UNUSED_VARIABLE = YES;
				IPHONEOS_DEPLOYMENT_TARGET = 10.2;
				MTL_ENABLE_DEBUG_INFO = NO;
				SDKROOT = iphoneos;
				SWIFT_OPTIMIZATION_LEVEL = "-Owholemodule";
				TARGETED_DEVICE_FAMILY = "1,2";
				VALIDATE_PRODUCT = YES;
			};
			name = Release;
		};
		BF6FACBB1E8594FE00D6BAEF /* Debug */ = {
			isa = XCBuildConfiguration;
			buildSettings = {
				ASSETCATALOG_COMPILER_APPICON_NAME = AppIcon;
				INFOPLIST_FILE = daredevil_register/Info.plist;
				LD_RUNPATH_SEARCH_PATHS = "$(inherited) @executable_path/Frameworks";
				PRODUCT_BUNDLE_IDENTIFIER = "Sylvia-DIT.daredevil-register";
				PRODUCT_NAME = "$(TARGET_NAME)";
				SWIFT_VERSION = 3.0;
			};
			name = Debug;
		};
		BF6FACBC1E8594FE00D6BAEF /* Release */ = {
			isa = XCBuildConfiguration;
			buildSettings = {
				ASSETCATALOG_COMPILER_APPICON_NAME = AppIcon;
				INFOPLIST_FILE = daredevil_register/Info.plist;
				LD_RUNPATH_SEARCH_PATHS = "$(inherited) @executable_path/Frameworks";
				PRODUCT_BUNDLE_IDENTIFIER = "Sylvia-DIT.daredevil-register";
				PRODUCT_NAME = "$(TARGET_NAME)";
				SWIFT_VERSION = 3.0;
			};
			name = Release;
		};
/* End XCBuildConfiguration section */

/* Begin XCConfigurationList section */
		BF6FACA31E8594FE00D6BAEF /* Build configuration list for PBXProject "daredevil_register" */ = {
			isa = XCConfigurationList;
			buildConfigurations = (
				BF6FACB81E8594FE00D6BAEF /* Debug */,
				BF6FACB91E8594FE00D6BAEF /* Release */,
			);
			defaultConfigurationIsVisible = 0;
			defaultConfigurationName = Release;
		};
		BF6FACBA1E8594FE00D6BAEF /* Build configuration list for PBXNativeTarget "daredevil_register" */ = {
			isa = XCConfigurationList;
			buildConfigurations = (
				BF6FACBB1E8594FE00D6BAEF /* Debug */,
				BF6FACBC1E8594FE00D6BAEF /* Release */,
			);
			defaultConfigurationIsVisible = 0;
		};
/* End XCConfigurationList section */
	};
	rootObject = BF6FACA01E8594FE00D6BAEF /* Project object */;
}
